version = 1
revision = 3
requires-python = ">=3.13"

[[package]]
name = "hello-pygame"
version = "0.1.0"
source = { editable = "." }
dependencies = [
    { name = "pygame-ce" },
]

[package.dev-dependencies]
dev = [
    { name = "pyinstrument" },
]

[package.metadata]
requires-dist = [{ name = "pygame-ce", specifier = ">=2.5.6" }]

[package.metadata.requires-dev]
dev = [{ name = "pyinstrument", specifier = ">=5.1.2" }]

[[package]]
name = "pygame-ce"
version = "2.5.6"
source = { registry = "https://pypi.org/simple" }
sdist = { url = "https://files.pythonhosted.org/packages/f1/a0/8199f0e96f43d94b79a74116a20b4937648bd26117e11d8994b1169a9120/pygame_ce-2.5.6.tar.gz", hash = "sha256:d3d019309d1e76fd19978b01753e8576bd76c66411ac7a4885785f95e68dc261", size = 5901071, upload-time = "2025-10-19T13:09:06.225Z" }
wheels = [
    { url = "https://files.pythonhosted.org/packages/fd/c4/b2a2b259d05ea90840d62b2dd61b5005d891fd82fde7e05f59ecc3a9de8f/pygame_ce-2.5.6-cp313-cp313-macosx_10_13_x86_64.whl", hash = "sha256:a83710528f2a90a026fca9caee390779842d5486ca3d48d4d1213060e5d41083", size = 12478496, upload-time = "2025-10-19T13:08:07.499Z" },
    { url = "https://files.pythonhosted.org/packages/33/1d/8c14e5789fb0b4a7a8b6817b46690362f072da6c8307140de10f70fbf588/pygame_ce-2.5.6-cp313-cp313-macosx_11_0_arm64.whl", hash = "sha256:971b86e48acdf37aaf9782560088c0949ca7ec3aea33827c74f4d4c4bc04c367", size = 11722973, upload-time = "2025-10-19T13:08:09.552Z" },
    { url = "https://files.pythonhosted.org/packages/2e/fd/255b8233c690a68d3b68d299868fd51b5f6f509ae67453b6c21c3e27330a/pygame_ce-2.5.6-cp313-cp313-manylinux2014_aarch64.manylinux_2_17_aarch64.whl", hash = "sha256:92050fd16b62b20779b6ec2fb867bc8261e5499be967ed2aa7ff6a76b7735791", size = 12396847, upload-time = "2025-10-19T13:08:11.808Z" },
    { url = "https://files.pythonhosted.org/packages/79/aa/af9d6ac848670c3ecc96c7dc0c91cff43e5d9b6605a9c208a45fa570d50e/pygame_ce-2.5.6-cp313-cp313-manylinux2014_i686.manylinux_2_17_i686.whl", hash = "sha256:45b01f49d35dbc8a66bbbcd06ab83312625850bcc2d9ae528b5b15130b733a43", size = 12934541, upload-time = "2025-10-19T13:08:14.406Z" },
    { url = "https://files.pythonhosted.org/packages/61/28/b13cc306693e917b9a4b746ccad2615fa43d8f4f2373e28104edc33f6f8f/pygame_ce-2.5.6-cp313-cp313-manylinux2014_x86_64.manylinux_2_17_x86_64.whl", hash = "sha256:d811bba090fbb10d6a1c4d6917350da5a6a585630605833fa91499480b72bfcf", size = 12552091, upload-time = "2025-10-19T13:08:16.738Z" },
    { url = "https://files.pythonhosted.org/packages/15/28/bae79f3e5a862838e297f5725b52777781fa9507872321444afec31158e1/pygame_ce-2.5.6-cp313-cp313-win32.whl", hash = "sha256:283c7dc231387d05b294b2f72513bd767af91277a64900d10f4efb0b731f4d13", size = 9843196, upload-time = "2025-10-19T13:08:18.708Z" },
    { url = "https://files.pythonhosted.org/packages/2d/d9/1d16eff301bda4b22d1d19eda966cfbc9bf174648e4af85dee8c5ffb72cf/pygame_ce-2.5.6-cp313-cp313-win_amd64.whl", hash = "sha256:c38f17313b27ad97f0578ba863972b6e1fe22b1ec8568af6c7785b5bd55d21e1", size = 10422176, upload-time = "2025-10-19T13:08:20.985Z" },
    { url = "https://files.pythonhosted.org/packages/c1/7a/085e270baa9266ee2c0fb2a9adcaf00fc7ff33ce9025a099623437f8ddc9/pygame_ce-2.5.6-cp314-cp314-macosx_10_15_x86_64.whl", hash = "sha256:e341d53222fc5749a5fda1c331d9f167f2f90050eacc0c636d5f576791497d2e", size = 12485715, upload-time = "2025-10-19T13:08:23.051Z" },
    { url = "https://files.pythonhosted.org/packages/2c/c6/662f002804c5cd87384e7ffc5c9cbf9cc480b5e81ff18a6b98b454067abb/pygame_ce-2.5.6-cp314-cp314-macosx_11_0_arm64.whl", hash = "sha256:fda10bdba288386850b0a4c4cc22c5073efe667cd6a7426fb9f54203219f84dd", size = 11724914, upload-time = "2025-10-19T13:08:25.197Z" },
    { url = "https://files.pythonhosted.org/packages/bd/c7/147bfaa1be052c1a6db7f1d062296e23ce03c8ea8d136bf478fccaed456c/pygame_ce-2.5.6-cp314-cp314-manylinux2014_aarch64.manylinux_2_17_aarch64.whl", hash = "sha256:6889bb8a38f5d80c3f45c58480fa069cc94c07cf679b20a23e925e27f129ce2e", size = 12401943, upload-time = "2025-10-19T13:08:27.285Z" },
    { url = "https://files.pythonhosted.org/packages/23/03/1d07c3db18cee2ef4d478403c4c11d0486ff267f91ad6e3104478064207b/pygame_ce-2.5.6-cp314-cp314-manylinux2014_i686.manylinux_2_17_i686.whl", hash = "sha256:ed1337e78cc0d3c1ee205fdf99e0b77237a2958119a6c9b03758a138889e00fd", size = 12934781, upload-time = "2025-10-19T13:08:29.329Z" },
    { url = "https://files.pythonhosted.org/packages/3a/98/e5cd3053eac63d6a2622c654d4b09977375939beda34d203f064dac5dfd9/pygame_ce-2.5.6-cp314-cp314-manylinux2014_x86_64.manylinux_2_17_x86_64.whl", hash = "sha256:266f976feb1a61bf19163416897189e6e7a8f78c362576a0afa214ffb7f1d18e", size = 12553880, upload-time = "2025-10-19T13:08:31.833Z" },
    { url = "https://files.pythonhosted.org/packages/58/a9/90b806a7bb24bdea638603ff6c3dc0debc8e29012ae389172943579761c7/pygame_ce-2.5.6-cp314-cp314-win32.whl", hash = "sha256:c73ce70c63ab45f778fdc9d10d27077f9cfc49d1fa4ea1ae0e5eca514b47b683", size = 9975637, upload-time = "2025-10-19T13:08:34.417Z" },
    { url = "https://files.pythonhosted.org/packages/87/1b/d9f180e142273dcef180ad3274213eba13ad76f335434979e584fbd57278/pygame_ce-2.5.6-cp314-cp314-win_amd64.whl", hash = "sha256:9579c4283fd644798632aac20d65282a2e7efcdf0f79b7c545fdeda372381e30", size = 10589621, upload-time = "2025-10-19T13:08:36.676Z" },
]

[[package]]
name = "pyinstrument"
version = "5.1.2"
source = { registry = "https://pypi.org/simple" }
sdist = { url = "https://files.pythonhosted.org/packages/32/7f/d3c4ef7c43f3294bd5a475dfa6f295a9fee5243c292d5c8122044fa83bcb/pyinstrument-5.1.2.tar.gz", hash = "sha256:af149d672da9493fa37334a1cc68f7b80c3e6cb9fd99b9e426c447db5c650bf0", size = 266889, upload-time = "2026-01-04T18:38:58.464Z" }
wheels = [
    { url = "https://files.pythonhosted.org/packages/b4/8e/b9aea969eec67c129652000446384d550a0df45c297adc9fd74da2f8482c/pyinstrument-5.1.2-cp313-cp313-macosx_10_13_universal2.whl", hash = "sha256:7b8bab2334bf1d4c9e92d61db574300b914b594588a6b6dd67c45450152dfc29", size = 131418, upload-time = "2026-01-04T18:37:58.642Z" },
    { url = "https://files.pythonhosted.org/packages/8f/62/76418eb29b5591f3e5500369a6777ce928135c3aa6ccdb0c861a9c6ca93b/pyinstrument-5.1.2-cp313-cp313-macosx_11_0_arm64.whl", hash = "sha256:13dcc138a61298ef4994b7aebff509d2c06db89dfd6e2021f0b9cd96aaa44ec3", size = 124448, upload-time = "2026-01-04T18:37:59.95Z" },
    { url = "https://files.pythonhosted.org/packages/07/73/874bccc04bcf6f4babc3de1a9568e209e7e40998563974f5030b0fb4d3e0/pyinstrument-5.1.2-cp313-cp313-manylinux2014_aarch64.manylinux_2_17_aarch64.manylinux_2_28_aarch64.whl", hash = "sha256:c8abd4a7ffa2e7f9e00039a5e549e8eebc80d7ca8d43f0fb51a50ff2b117ce4a", size = 149853, upload-time = "2026-01-04T18:38:01.405Z" },
    { url = "https://files.pythonhosted.org/packages/cf/85/268446c4388d77ff4abdeaff202356e1527b3ff9576f5587443a24980bec/pyinstrument-5.1.2-cp313-cp313-manylinux2014_x86_64.manylinux_2_17_x86_64.manylinux_2_28_x86_64.whl", hash = "sha256:eb3a05108edebc30f31e2c69c904576042f1158b2513ab80adc08f7848a7a8f0", size = 148641, upload-time = "2026-01-04T18:38:03.086Z" },
    { url = "https://files.pythonhosted.org/packages/fc/15/4f8dea3381483e68d00582a9b823a21a088acfe77a847a7991a1a8feed76/pyinstrument-5.1.2-cp313-cp313-musllinux_1_2_aarch64.whl", hash = "sha256:f70d588b53f3f35829d1d1ddfa05e07fcebf1434b3b1509d542ca317d8e9a2a5", size = 148674, upload-time = "2026-01-04T18:38:04.805Z" },
    { url = "https://files.pythonhosted.org/packages/fa/61/72c180454b6511d5b90166f8828e1bab3b45d0489952a1fe48c5c585233d/pyinstrument-5.1.2-cp313-cp313-musllinux_1_2_x86_64.whl", hash = "sha256:b007327e0d6a6a01d5064883dd27c19996f044ce7488d507826fee7884e6a32e", size = 148315, upload-time = "2026-01-04T18:38:06.114Z" },
    { url = "https://files.pythonhosted.org/packages/2c/f0/4c27cebddf22a8840bd8b419366bb321ce41f921ca1893e309c932ab28bf/pyinstrument-5.1.2-cp313-cp313-win32.whl", hash = "sha256:9ba0e6b17a7e86c3dc02d208e4c25506e8f914d9964ae89449f1f37f0b70abc0", size = 125926, upload-time = "2026-01-04T18:38:07.507Z" },
    { url = "https://files.pythonhosted.org/packages/6c/20/6b1bee88ddef065b0df3a3ba4ba60ed8a9ca443d5cded7152a8a9750914f/pyinstrument-5.1.2-cp313-cp313-win_amd64.whl", hash = "sha256:660d7fc486a839814db0b2f716bc13d8b99b9c780aaeb47f74a70a34adc02a7b", size = 126678, upload-time = "2026-01-04T18:38:08.826Z" },
    { url = "https://files.pythonhosted.org/packages/66/0f/7d5154c92904bdf25be067a7fe4cad4ba48919f16ccbb51bb953d9ae1a20/pyinstrument-5.1.2-cp314-cp314-macosx_10_15_universal2.whl", hash = "sha256:0baed297beee2bb9897e737bbd89e3b9d45a2fbbea9f1ad4e809007d780a9b1e", size = 131388, upload-time = "2026-01-04T18:38:10.491Z" },
    { url = "https://files.pythonhosted.org/packages/17/28/bf83231a3f951e11b4dfaf160e1eeba1ce29377eab30e3d2eb6ee22ff3ba/pyinstrument-5.1.2-cp314-cp314-macosx_11_0_arm64.whl", hash = "sha256:ebb910a32a45bde6c3fc30c578efc28a54517990e11e94b5e48a0d5479728568", size = 124456, upload-time = "2026-01-04T18:38:11.792Z" },
    { url = "https://files.pythonhosted.org/packages/ac/98/762cf10896d907268629e1db08a48f128984a53e8d92b99ea96f862597e5/pyinstrument-5.1.2-cp314-cp314-manylinux2014_aarch64.manylinux_2_17_aarch64.manylinux_2_28_aarch64.whl", hash = "sha256:bad403c157f9c6dba7f731a6fca5bfcd8ca2701a39bcc717dcc6e0b10055ffc4", size = 149594, upload-time = "2026-01-04T18:38:13.434Z" },
    { url = "https://files.pythonhosted.org/packages/1a/1b/48580e16e623d89af58b89c552c95a2ae65f70a1f4fab1d97879f34791db/pyinstrument-5.1.2-cp314-cp314-manylinux2014_x86_64.manylinux_2_17_x86_64.manylinux_2_28_x86_64.whl", hash = "sha256:2f456cabdb95fd343c798a7f2a56688b028f981522e283c5f59bd59195b66df5", size = 148339, upload-time = "2026-01-04T18:38:14.767Z" },
    { url = "https://files.pythonhosted.org/packages/62/7e/38157a8a6ec67789d8ee109fd09877ea3340df44e1a7add8f249e30a8ade/pyinstrument-5.1.2-cp314-cp314-musllinux_1_2_aarch64.whl", hash = "sha256:4e9c4dcc1f2c4a0cd6b576e3604abc37496a7868243c9a1443ad3b9db69d590f", size = 148485, upload-time = "2026-01-04T18:38:16.121Z" },
    { url = "https://files.pythonhosted.org/packages/4b/34/31ee72b19cfc48a82801024b5d653f07982154a11381a3ae65bbfdbf2c7b/pyinstrument-5.1.2-cp314-cp314-musllinux_1_2_x86_64.whl", hash = "sha256:acf93b128328c6d80fdb85431068ac17508f0f7845e89505b0ea6130dead5ca6", size = 148106, upload-time = "2026-01-04T18:38:17.623Z" },
    { url = "https://files.pythonhosted.org/packages/3b/b4/7ab20243187262d66ab062778b1ccac4ca55090752f32a83f603f4e5e3a2/pyinstrument-5.1.2-cp314-cp314-win32.whl", hash = "sha256:9c7f0167903ecff8b1d744f7e37b2bd4918e05a69cca724cb112f5ed59d1e41b", size = 126593, upload-time = "2026-01-04T18:38:18.968Z" },
    { url = "https://files.pythonhosted.org/packages/9e/a0/db6a8ae3182546227f5a043b1be29b8d5f98bf973e20d922981ef206de85/pyinstrument-5.1.2-cp314-cp314-win_amd64.whl", hash = "sha256:ce3f6b1f9a2b5d74819ecc07d631eadececf915f551474a75ad65ac580ec5a0e", size = 127358, upload-time = "2026-01-04T18:38:20.28Z" },
    { url = "https://files.pythonhosted.org/packages/59/d2/719f439972b3f80e35fb5b1bcd888c3218d60dbc91957b99ffafd7ac9221/pyinstrument-5.1.2-cp314-cp314t-macosx_10_15_universal2.whl", hash = "sha256:af8651b239049accbeecd389d35823233f649446f76f47fd005316b05d08cef2", size = 132317, upload-time = "2026-01-04T18:38:21.669Z" },
    { url = "https://files.pythonhosted.org/packages/e2/1c/0ebfef69ae926665fae635424c5647411235c3689c9a9ad69fd68de6cae2/pyinstrument-5.1.2-cp314-cp314t-macosx_11_0_arm64.whl", hash = "sha256:c6082f1c3e43e1d22834e91ba8975f0080186df4018a04b4dd29f9623c59df1d", size = 124917, upload-time = "2026-01-04T18:38:23.385Z" },
    { url = "https://files.pythonhosted.org/packages/a6/ee/5599f769f515a0f1c97443edc7394fe2b9829bf39f404c046499c1a62378/pyinstrument-5.1.2-cp314-cp314t-manylinux2014_aarch64.manylinux_2_17_aarch64.manylinux_2_28_aarch64.whl", hash = "sha256:c031eb066ddc16425e1e2f56aad5c1ce1e27b2432a70329e5385b85e812decee", size = 157407, upload-time = "2026-01-04T18:38:24.774Z" },
    { url = "https://files.pythonhosted.org/packages/fd/40/32aa865252288caef301237488ee309bd6701125888bf453d23ab764e357/pyinstrument-5.1.2-cp314-cp314t-manylinux2014_x86_64.manylinux_2_17_x86_64.manylinux_2_28_x86_64.whl", hash = "sha256:f447ec391cad30667ba412dce41607aaa20d4a2496a7ab867e0c199f0fe3ae3d", size = 155068, upload-time = "2026-01-04T18:38:26.112Z" },
    { url = "https://files.pythonhosted.org/packages/91/68/0b56a1540fe1c357dfcda82d4f5b52c87fada5962cbf18703ea39ccbbe69/pyinstrument-5.1.2-cp314-cp314t-musllinux_1_2_aarch64.whl", hash = "sha256:50299bddfc1fe0039898f895b10ef12f9db08acffb4d85326fad589cda24d2ee", size = 155186, upload-time = "2026-01-04T18:38:27.914Z" },
    { url = "https://files.pythonhosted.org/packages/7a/48/7ef84abfc3e41148cf993095214f104e75ecff585e94c6e8be001e672573/pyinstrument-5.1.2-cp314-cp314t-musllinux_1_2_x86_64.whl", hash = "sha256:a193ff08825ece115ececa136832acb14c491c77ab1e6b6a361905df8753d5c6", size = 153979, upload-time = "2026-01-04T18:38:29.236Z" },
    { url = "https://files.pythonhosted.org/packages/8f/cf/a28ad117d58b33c1d74bcdfbbcf1603b67346883800ac7d510cff8d3bcee/pyinstrument-5.1.2-cp314-cp314t-win32.whl", hash = "sha256:de887ba19e1057bd2d86e6584f17788516a890ae6fe1b7eed9927873f416b4d8", size = 127267, upload-time = "2026-01-04T18:38:30.619Z" },
    { url = "https://files.pythonhosted.org/packages/8e/97/03635143a12a5d941f545548b00f8ac39d35565321a2effb4154ed267338/pyinstrument-5.1.2-cp314-cp314t-win_amd64.whl", hash = "sha256:b6a71f5e7f53c86c9b476b30cf19509463a63581ef17ddbd8680fee37ae509db", size = 128164, upload-time = "2026-01-04T18:38:32.281Z" },
]
